
Microsoft Visual Studio Solution File, Format Version 12.00
# Visual Studio 15
VisualStudioVersion = 15.0.26730.10
MinimumVisualStudioVersion = 10.0.40219.1
Project("{2150E333-8FDC-42A3-9474-1A3956D46DE8}") = "Solution Items", "Solution Items", "{57E9B515-DCDD-490B-937E-5A898D95A9A7}"
	ProjectSection(SolutionItems) = preProject
		.gitattributes = .gitattributes
		.gitignore = .gitignore
		README.md = README.md
	EndProjectSection
EndProject
Project("{2150E333-8FDC-42A3-9474-1A3956D46DE8}") = "Extensions", "Extensions", "{FC326D18-661F-4A13-8428-828A0E57C31A}"
EndProject
Project("{FAE04EC0-301F-11D3-BF4B-00C04F79EFBC}") = "TestConsumer", "TestConsumer\TestConsumer.csproj", "{E25113C2-2DAD-4FA2-BDCF-34C26CD2418C}"
EndProject
Project("{FAE04EC0-301F-11D3-BF4B-00C04F79EFBC}") = "SolidHttp.Core", "SolidHttp.Core\SolidHttp.Core.csproj", "{BF3E6EF4-CD2D-408B-A47F-6C30FAAB981D}"
EndProject
Project("{FAE04EC0-301F-11D3-BF4B-00C04F79EFBC}") = "SolidHttp.Extensions.Json", "Extensions\SolidHttp.Extensions.Json\SolidHttp.Extensions.Json.csproj", "{58A7C860-C2C1-4801-9441-86FE720EC471}"
EndProject
Project("{FAE04EC0-301F-11D3-BF4B-00C04F79EFBC}") = "SolidHttp.Extensions.Testing", "Extensions\SolidHttp.Extensions.Testing\SolidHttp.Extensions.Testing.csproj", "{22F02D93-F929-4B28-BDAF-2CA706793639}"
EndProject
Project("{FAE04EC0-301F-11D3-BF4B-00C04F79EFBC}") = "TestConsumer.Tests", "TestConsumer.Tests\TestConsumer.Tests.csproj", "{EB8B0129-935B-4178-A8CB-DF4C53BA1ABF}"
EndProject
Project("{FAE04EC0-301F-11D3-BF4B-00C04F79EFBC}") = "SolidHttp.Extensions.Testing.MSTest", "Extensions\SolidHttp.Extensions.Testing.MsTest\SolidHttp.Extensions.Testing.MSTest.csproj", "{9192CBC1-D63F-4ED6-AE1F-F087C80C0BE4}"
EndProject
Project("{FAE04EC0-301F-11D3-BF4B-00C04F79EFBC}") = "SolidHttp.Core.Tests", "SolidHttp.Core.Tests\SolidHttp.Core.Tests.csproj", "{CA6270AF-D37A-4551-B5EE-4707DB0160D9}"
EndProject
Project("{FAE04EC0-301F-11D3-BF4B-00C04F79EFBC}") = "SolidHttp.Extensions.Testing.Xunit", "Extensions\SolidHttp.Extensions.Testing.xUnit\SolidHttp.Extensions.Testing.Xunit.csproj", "{B0786ABD-0049-4198-A039-1BB33910F9A2}"
EndProject
Project("{FAE04EC0-301F-11D3-BF4B-00C04F79EFBC}") = "TestConsumer.Framework.Tests", "TestConsumer.Framework.Tests\TestConsumer.Framework.Tests.csproj", "{F19D8DA5-EDFC-4601-A93D-BF189DD9226F}"
EndProject
Project("{FAE04EC0-301F-11D3-BF4B-00C04F79EFBC}") = "TestConsumer.Framework", "TestConsumer.Framework\TestConsumer.Framework.csproj", "{50AEA25E-B043-4BC3-A8DC-2CE482D8D8DA}"
EndProject
Global
	GlobalSection(SolutionConfigurationPlatforms) = preSolution
		Debug|Any CPU = Debug|Any CPU
		Release|Any CPU = Release|Any CPU
	EndGlobalSection
	GlobalSection(ProjectConfigurationPlatforms) = postSolution
		{E25113C2-2DAD-4FA2-BDCF-34C26CD2418C}.Debug|Any CPU.ActiveCfg = Debug|Any CPU
		{E25113C2-2DAD-4FA2-BDCF-34C26CD2418C}.Debug|Any CPU.Build.0 = Debug|Any CPU
		{E25113C2-2DAD-4FA2-BDCF-34C26CD2418C}.Release|Any CPU.ActiveCfg = Release|Any CPU
		{BF3E6EF4-CD2D-408B-A47F-6C30FAAB981D}.Debug|Any CPU.ActiveCfg = Debug|Any CPU
		{BF3E6EF4-CD2D-408B-A47F-6C30FAAB981D}.Debug|Any CPU.Build.0 = Debug|Any CPU
		{BF3E6EF4-CD2D-408B-A47F-6C30FAAB981D}.Release|Any CPU.ActiveCfg = Release|Any CPU
		{BF3E6EF4-CD2D-408B-A47F-6C30FAAB981D}.Release|Any CPU.Build.0 = Release|Any CPU
		{58A7C860-C2C1-4801-9441-86FE720EC471}.Debug|Any CPU.ActiveCfg = Debug|Any CPU
		{58A7C860-C2C1-4801-9441-86FE720EC471}.Debug|Any CPU.Build.0 = Debug|Any CPU
		{58A7C860-C2C1-4801-9441-86FE720EC471}.Release|Any CPU.ActiveCfg = Release|Any CPU
		{58A7C860-C2C1-4801-9441-86FE720EC471}.Release|Any CPU.Build.0 = Release|Any CPU
		{22F02D93-F929-4B28-BDAF-2CA706793639}.Debug|Any CPU.ActiveCfg = Debug|Any CPU
		{22F02D93-F929-4B28-BDAF-2CA706793639}.Debug|Any CPU.Build.0 = Debug|Any CPU
		{22F02D93-F929-4B28-BDAF-2CA706793639}.Release|Any CPU.ActiveCfg = Release|Any CPU
		{22F02D93-F929-4B28-BDAF-2CA706793639}.Release|Any CPU.Build.0 = Release|Any CPU
		{EB8B0129-935B-4178-A8CB-DF4C53BA1ABF}.Debug|Any CPU.ActiveCfg = Debug|Any CPU
		{EB8B0129-935B-4178-A8CB-DF4C53BA1ABF}.Debug|Any CPU.Build.0 = Debug|Any CPU
		{EB8B0129-935B-4178-A8CB-DF4C53BA1ABF}.Release|Any CPU.ActiveCfg = Release|Any CPU
		{9192CBC1-D63F-4ED6-AE1F-F087C80C0BE4}.Debug|Any CPU.ActiveCfg = Debug|Any CPU
		{9192CBC1-D63F-4ED6-AE1F-F087C80C0BE4}.Debug|Any CPU.Build.0 = Debug|Any CPU
		{9192CBC1-D63F-4ED6-AE1F-F087C80C0BE4}.Release|Any CPU.ActiveCfg = Release|Any CPU
		{9192CBC1-D63F-4ED6-AE1F-F087C80C0BE4}.Release|Any CPU.Build.0 = Release|Any CPU
		{CA6270AF-D37A-4551-B5EE-4707DB0160D9}.Debug|Any CPU.ActiveCfg = Debug|Any CPU
		{CA6270AF-D37A-4551-B5EE-4707DB0160D9}.Debug|Any CPU.Build.0 = Debug|Any CPU
		{CA6270AF-D37A-4551-B5EE-4707DB0160D9}.Release|Any CPU.ActiveCfg = Release|Any CPU
		{CA6270AF-D37A-4551-B5EE-4707DB0160D9}.Release|Any CPU.Build.0 = Release|Any CPU
		{B0786ABD-0049-4198-A039-1BB33910F9A2}.Debug|Any CPU.ActiveCfg = Debug|Any CPU
		{B0786ABD-0049-4198-A039-1BB33910F9A2}.Debug|Any CPU.Build.0 = Debug|Any CPU
		{B0786ABD-0049-4198-A039-1BB33910F9A2}.Release|Any CPU.ActiveCfg = Release|Any CPU
		{B0786ABD-0049-4198-A039-1BB33910F9A2}.Release|Any CPU.Build.0 = Release|Any CPU
		{F19D8DA5-EDFC-4601-A93D-BF189DD9226F}.Debug|Any CPU.ActiveCfg = Debug|Any CPU
		{F19D8DA5-EDFC-4601-A93D-BF189DD9226F}.Debug|Any CPU.Build.0 = Debug|Any CPU
		{F19D8DA5-EDFC-4601-A93D-BF189DD9226F}.Release|Any CPU.ActiveCfg = Release|Any CPU
		{50AEA25E-B043-4BC3-A8DC-2CE482D8D8DA}.Debug|Any CPU.ActiveCfg = Debug|Any CPU
		{50AEA25E-B043-4BC3-A8DC-2CE482D8D8DA}.Debug|Any CPU.Build.0 = Debug|Any CPU
		{50AEA25E-B043-4BC3-A8DC-2CE482D8D8DA}.Release|Any CPU.ActiveCfg = Release|Any CPU
	EndGlobalSection
	GlobalSection(SolutionProperties) = preSolution
		HideSolutionNode = FALSE
	EndGlobalSection
	GlobalSection(NestedProjects) = preSolution
		{58A7C860-C2C1-4801-9441-86FE720EC471} = {FC326D18-661F-4A13-8428-828A0E57C31A}
		{22F02D93-F929-4B28-BDAF-2CA706793639} = {FC326D18-661F-4A13-8428-828A0E57C31A}
		{9192CBC1-D63F-4ED6-AE1F-F087C80C0BE4} = {FC326D18-661F-4A13-8428-828A0E57C31A}
		{B0786ABD-0049-4198-A039-1BB33910F9A2} = {FC326D18-661F-4A13-8428-828A0E57C31A}
	EndGlobalSection
	GlobalSection(ExtensibilityGlobals) = postSolution
		SolutionGuid = {F5893B74-E782-47B9-A40D-32D80F7F6BD8}
	EndGlobalSection
EndGlobal
