
Microsoft Visual Studio Solution File, Format Version 12.00
# Visual Studio Version 16
VisualStudioVersion = 16.0.29728.190
MinimumVisualStudioVersion = 10.0.40219.1
Project("{2150E333-8FDC-42A3-9474-1A3956D46DE8}") = "Extensions", "Extensions", "{3AD84D45-0E2F-4A08-95BC-95898C2D31A7}"
EndProject
Project("{9A19103F-16F7-4668-BE54-9A1E7A4F7556}") = "Solid.Http", "Solid.Http\Solid.Http.csproj", "{3DA13479-512B-4640-ADA7-1C9309B937CA}"
EndProject
Project("{2150E333-8FDC-42A3-9474-1A3956D46DE8}") = "Json", "Json", "{C2AD8831-C8E6-4B04-8CCA-B2A79455EEFD}"
	ProjectSection(SolutionItems) = preProject
		Extensions\Json\README.md = Extensions\Json\README.md
	EndProjectSection
EndProject
Project("{2150E333-8FDC-42A3-9474-1A3956D46DE8}") = ".tests", ".tests", "{E3B0A70E-0865-4E86-B602-FE72829F6D84}"
EndProject
Project("{9A19103F-16F7-4668-BE54-9A1E7A4F7556}") = "Solid.Http.Json", "Extensions\Json\Solid.Http.Json\Solid.Http.Json.csproj", "{B1B3BFE8-0445-4E27-B6E3-F4B1F75B225D}"
EndProject
Project("{9A19103F-16F7-4668-BE54-9A1E7A4F7556}") = "Solid.Http.Json.Tests", "Extensions\Json\Solid.Http.Json.Tests\Solid.Http.Json.Tests.csproj", "{D59DAFC0-9692-405E-AD79-BA6F478A352F}"
EndProject
Project("{2150E333-8FDC-42A3-9474-1A3956D46DE8}") = "Core", "Core", "{9DFEBFB0-8848-4B84-AA92-7B721D4BA790}"
EndProject
Project("{2150E333-8FDC-42A3-9474-1A3956D46DE8}") = ".tests", ".tests", "{D3CB0557-6B32-427B-9A72-451C7D6AAE15}"
EndProject
Project("{9A19103F-16F7-4668-BE54-9A1E7A4F7556}") = "Solid.Http.Core", "Core\Solid.Http.Core\Solid.Http.Core.csproj", "{5105A69D-6CB6-4530-885E-CDEA3BF0DB79}"
EndProject
Project("{9A19103F-16F7-4668-BE54-9A1E7A4F7556}") = "Solid.Http.NewtonsoftJson", "Extensions\Json\Solid.Http.NewtonsoftJson\Solid.Http.NewtonsoftJson.csproj", "{4C5FB87B-3B77-430D-A102-A7F32EF0185A}"
EndProject
Project("{9A19103F-16F7-4668-BE54-9A1E7A4F7556}") = "Solid.Http.NewtonsoftJson.Tests", "Extensions\Json\Solid.Http.NewtonsoftJson.Tests\Solid.Http.NewtonsoftJson.Tests.csproj", "{F0778F1F-72C2-4B1A-B402-F72314A70ECA}"
EndProject
Project("{2150E333-8FDC-42A3-9474-1A3956D46DE8}") = "Xml", "Xml", "{86E3D9D2-A918-47CA-90B1-02DEF03C24A8}"
	ProjectSection(SolutionItems) = preProject
		Extensions\Xml\README.md = Extensions\Xml\README.md
	EndProjectSection
EndProject
Project("{2150E333-8FDC-42A3-9474-1A3956D46DE8}") = "Zip", "Zip", "{E7899630-7C68-4B31-A656-4E9CC8157BAB}"
	ProjectSection(SolutionItems) = preProject
		Extensions\Zip\README.md = Extensions\Zip\README.md
	EndProjectSection
EndProject
Project("{9A19103F-16F7-4668-BE54-9A1E7A4F7556}") = "Solid.Http.Xml", "Extensions\Xml\Solid.Http.Xml\Solid.Http.Xml.csproj", "{810CA245-B454-41B9-84FB-D86C8FD1A2C7}"
EndProject
Project("{9A19103F-16F7-4668-BE54-9A1E7A4F7556}") = "Solid.Http.Zip", "Extensions\Zip\Solid.Http.Zip\Solid.Http.Zip.csproj", "{39A41ED2-C4BF-423D-8A49-28312A9298F6}"
EndProject
Project("{9A19103F-16F7-4668-BE54-9A1E7A4F7556}") = "Solid.Http.Json.Core", "Extensions\Json\Solid.Http.Json.Core\Solid.Http.Json.Core.csproj", "{65D81B4C-4A8C-4AED-8090-567BD714BA4A}"
EndProject
Project("{2150E333-8FDC-42A3-9474-1A3956D46DE8}") = ".repo", ".repo", "{FCADF185-2095-4BA7-B736-D00E267DE9C9}"
	ProjectSection(SolutionItems) = preProject
		..\.appveyor.yml = ..\.appveyor.yml
		..\.gitattributes = ..\.gitattributes
		..\.gitignore = ..\.gitignore
		..\LICENSE = ..\LICENSE
		..\README.md = ..\README.md
	EndProjectSection
EndProject
Project("{9A19103F-16F7-4668-BE54-9A1E7A4F7556}") = "Solid.Http.Core.Tests", "Core\Solid.Http.Core.Tests\Solid.Http.Core.Tests.csproj", "{E234B536-B573-41B2-85CF-790329B743A1}"
EndProject
Global
	GlobalSection(SolutionConfigurationPlatforms) = preSolution
		Debug|Any CPU = Debug|Any CPU
		Release|Any CPU = Release|Any CPU
	EndGlobalSection
	GlobalSection(ProjectConfigurationPlatforms) = postSolution
		{3DA13479-512B-4640-ADA7-1C9309B937CA}.Debug|Any CPU.ActiveCfg = Debug|Any CPU
		{3DA13479-512B-4640-ADA7-1C9309B937CA}.Debug|Any CPU.Build.0 = Debug|Any CPU
		{3DA13479-512B-4640-ADA7-1C9309B937CA}.Release|Any CPU.ActiveCfg = Release|Any CPU
		{3DA13479-512B-4640-ADA7-1C9309B937CA}.Release|Any CPU.Build.0 = Release|Any CPU
		{B1B3BFE8-0445-4E27-B6E3-F4B1F75B225D}.Debug|Any CPU.ActiveCfg = Debug|Any CPU
		{B1B3BFE8-0445-4E27-B6E3-F4B1F75B225D}.Debug|Any CPU.Build.0 = Debug|Any CPU
		{B1B3BFE8-0445-4E27-B6E3-F4B1F75B225D}.Release|Any CPU.ActiveCfg = Release|Any CPU
		{B1B3BFE8-0445-4E27-B6E3-F4B1F75B225D}.Release|Any CPU.Build.0 = Release|Any CPU
		{D59DAFC0-9692-405E-AD79-BA6F478A352F}.Debug|Any CPU.ActiveCfg = Debug|Any CPU
		{D59DAFC0-9692-405E-AD79-BA6F478A352F}.Debug|Any CPU.Build.0 = Debug|Any CPU
		{D59DAFC0-9692-405E-AD79-BA6F478A352F}.Release|Any CPU.ActiveCfg = Release|Any CPU
		{D59DAFC0-9692-405E-AD79-BA6F478A352F}.Release|Any CPU.Build.0 = Release|Any CPU
		{5105A69D-6CB6-4530-885E-CDEA3BF0DB79}.Debug|Any CPU.ActiveCfg = Debug|Any CPU
		{5105A69D-6CB6-4530-885E-CDEA3BF0DB79}.Debug|Any CPU.Build.0 = Debug|Any CPU
		{5105A69D-6CB6-4530-885E-CDEA3BF0DB79}.Release|Any CPU.ActiveCfg = Release|Any CPU
		{5105A69D-6CB6-4530-885E-CDEA3BF0DB79}.Release|Any CPU.Build.0 = Release|Any CPU
		{4C5FB87B-3B77-430D-A102-A7F32EF0185A}.Debug|Any CPU.ActiveCfg = Debug|Any CPU
		{4C5FB87B-3B77-430D-A102-A7F32EF0185A}.Debug|Any CPU.Build.0 = Debug|Any CPU
		{4C5FB87B-3B77-430D-A102-A7F32EF0185A}.Release|Any CPU.ActiveCfg = Release|Any CPU
		{4C5FB87B-3B77-430D-A102-A7F32EF0185A}.Release|Any CPU.Build.0 = Release|Any CPU
		{F0778F1F-72C2-4B1A-B402-F72314A70ECA}.Debug|Any CPU.ActiveCfg = Debug|Any CPU
		{F0778F1F-72C2-4B1A-B402-F72314A70ECA}.Debug|Any CPU.Build.0 = Debug|Any CPU
		{F0778F1F-72C2-4B1A-B402-F72314A70ECA}.Release|Any CPU.ActiveCfg = Release|Any CPU
		{F0778F1F-72C2-4B1A-B402-F72314A70ECA}.Release|Any CPU.Build.0 = Release|Any CPU
		{810CA245-B454-41B9-84FB-D86C8FD1A2C7}.Debug|Any CPU.ActiveCfg = Debug|Any CPU
		{810CA245-B454-41B9-84FB-D86C8FD1A2C7}.Debug|Any CPU.Build.0 = Debug|Any CPU
		{810CA245-B454-41B9-84FB-D86C8FD1A2C7}.Release|Any CPU.ActiveCfg = Release|Any CPU
		{810CA245-B454-41B9-84FB-D86C8FD1A2C7}.Release|Any CPU.Build.0 = Release|Any CPU
		{39A41ED2-C4BF-423D-8A49-28312A9298F6}.Debug|Any CPU.ActiveCfg = Debug|Any CPU
		{39A41ED2-C4BF-423D-8A49-28312A9298F6}.Debug|Any CPU.Build.0 = Debug|Any CPU
		{39A41ED2-C4BF-423D-8A49-28312A9298F6}.Release|Any CPU.ActiveCfg = Release|Any CPU
		{39A41ED2-C4BF-423D-8A49-28312A9298F6}.Release|Any CPU.Build.0 = Release|Any CPU
		{65D81B4C-4A8C-4AED-8090-567BD714BA4A}.Debug|Any CPU.ActiveCfg = Debug|Any CPU
		{65D81B4C-4A8C-4AED-8090-567BD714BA4A}.Debug|Any CPU.Build.0 = Debug|Any CPU
		{65D81B4C-4A8C-4AED-8090-567BD714BA4A}.Release|Any CPU.ActiveCfg = Release|Any CPU
		{65D81B4C-4A8C-4AED-8090-567BD714BA4A}.Release|Any CPU.Build.0 = Release|Any CPU
		{E234B536-B573-41B2-85CF-790329B743A1}.Debug|Any CPU.ActiveCfg = Debug|Any CPU
		{E234B536-B573-41B2-85CF-790329B743A1}.Debug|Any CPU.Build.0 = Debug|Any CPU
		{E234B536-B573-41B2-85CF-790329B743A1}.Release|Any CPU.ActiveCfg = Release|Any CPU
		{E234B536-B573-41B2-85CF-790329B743A1}.Release|Any CPU.Build.0 = Release|Any CPU
	EndGlobalSection
	GlobalSection(SolutionProperties) = preSolution
		HideSolutionNode = FALSE
	EndGlobalSection
	GlobalSection(NestedProjects) = preSolution
		{C2AD8831-C8E6-4B04-8CCA-B2A79455EEFD} = {3AD84D45-0E2F-4A08-95BC-95898C2D31A7}
		{E3B0A70E-0865-4E86-B602-FE72829F6D84} = {C2AD8831-C8E6-4B04-8CCA-B2A79455EEFD}
		{B1B3BFE8-0445-4E27-B6E3-F4B1F75B225D} = {C2AD8831-C8E6-4B04-8CCA-B2A79455EEFD}
		{D59DAFC0-9692-405E-AD79-BA6F478A352F} = {E3B0A70E-0865-4E86-B602-FE72829F6D84}
		{D3CB0557-6B32-427B-9A72-451C7D6AAE15} = {9DFEBFB0-8848-4B84-AA92-7B721D4BA790}
		{5105A69D-6CB6-4530-885E-CDEA3BF0DB79} = {9DFEBFB0-8848-4B84-AA92-7B721D4BA790}
		{4C5FB87B-3B77-430D-A102-A7F32EF0185A} = {C2AD8831-C8E6-4B04-8CCA-B2A79455EEFD}
		{F0778F1F-72C2-4B1A-B402-F72314A70ECA} = {E3B0A70E-0865-4E86-B602-FE72829F6D84}
		{86E3D9D2-A918-47CA-90B1-02DEF03C24A8} = {3AD84D45-0E2F-4A08-95BC-95898C2D31A7}
		{E7899630-7C68-4B31-A656-4E9CC8157BAB} = {3AD84D45-0E2F-4A08-95BC-95898C2D31A7}
		{810CA245-B454-41B9-84FB-D86C8FD1A2C7} = {86E3D9D2-A918-47CA-90B1-02DEF03C24A8}
		{39A41ED2-C4BF-423D-8A49-28312A9298F6} = {E7899630-7C68-4B31-A656-4E9CC8157BAB}
		{65D81B4C-4A8C-4AED-8090-567BD714BA4A} = {C2AD8831-C8E6-4B04-8CCA-B2A79455EEFD}
		{E234B536-B573-41B2-85CF-790329B743A1} = {D3CB0557-6B32-427B-9A72-451C7D6AAE15}
	EndGlobalSection
	GlobalSection(ExtensibilityGlobals) = postSolution
		SolutionGuid = {CC032E6B-A635-4843-85DD-46036647B35D}
	EndGlobalSection
EndGlobal
